// !$*UTF8*$!
{
	archiveVersion = 1;
	classes = {
	};
	objectVersion = 50;
	objects = {

/* Begin PBXBuildFile section */
		2F3B110A2178950700106D12 /* RKTagsView.m in Sources */ = {isa = PBXBuildFile; fileRef = 2F3B11092178950700106D12 /* RKTagsView.m */; };
		2F3B110F2178951400106D12 /* sync_on.png in Resources */ = {isa = PBXBuildFile; fileRef = 2F3B110B2178951400106D12 /* sync_on.png */; };
		2F3B11112178951400106D12 /* radio-on.png in Resources */ = {isa = PBXBuildFile; fileRef = 2F3B110D2178951400106D12 /* radio-on.png */; };
		2F66B1E42177A92F003AF5B8 /* AppDelegate.swift in Sources */ = {isa = PBXBuildFile; fileRef = 2F66B1E32177A92F003AF5B8 /* AppDelegate.swift */; };
		2F66B1E62177A92F003AF5B8 /* ViewController.swift in Sources */ = {isa = PBXBuildFile; fileRef = 2F66B1E52177A92F003AF5B8 /* ViewController.swift */; };
		2F66B1E92177A92F003AF5B8 /* Main.storyboard in Resources */ = {isa = PBXBuildFile; fileRef = 2F66B1E72177A92F003AF5B8 /* Main.storyboard */; };
		2F66B1EB2177A932003AF5B8 /* Assets.xcassets in Resources */ = {isa = PBXBuildFile; fileRef = 2F66B1EA2177A932003AF5B8 /* Assets.xcassets */; };
		2F66B1EE2177A932003AF5B8 /* LaunchScreen.storyboard in Resources */ = {isa = PBXBuildFile; fileRef = 2F66B1EC2177A932003AF5B8 /* LaunchScreen.storyboard */; };
/* End PBXBuildFile section */

/* Begin PBXFileReference section */
		2F3B11072178950400106D12 /* collectionTableTag-Bridging-Header.h */ = {isa = PBXFileReference; lastKnownFileType = sourcecode.c.h; path = "collectionTableTag-Bridging-Header.h"; sourceTree = "<group>"; };
		2F3B11082178950600106D12 /* RKTagsView.h */ = {isa = PBXFileReference; fileEncoding = 4; lastKnownFileType = sourcecode.c.h; path = RKTagsView.h; sourceTree = "<group>"; };
		2F3B11092178950700106D12 /* RKTagsView.m */ = {isa = PBXFileReference; fileEncoding = 4; lastKnownFileType = sourcecode.c.objc; path = RKTagsView.m; sourceTree = "<group>"; };
		2F3B110B2178951400106D12 /* sync_on.png */ = {isa = PBXFileReference; lastKnownFileType = image.png; path = sync_on.png; sourceTree = "<group>"; };
		2F3B110D2178951400106D12 /* radio-on.png */ = {isa = PBXFileReference; lastKnownFileType = image.png; path = "radio-on.png"; sourceTree = "<group>"; };
		2F66B1E02177A92E003AF5B8 /* collectionTableTag.app */ = {isa = PBXFileReference; explicitFileType = wrapper.application; includeInIndex = 0; path = collectionTableTag.app; sourceTree = BUILT_PRODUCTS_DIR; };
		2F66B1E32177A92F003AF5B8 /* AppDelegate.swift */ = {isa = PBXFileReference; lastKnownFileType = sourcecode.swift; path = AppDelegate.swift; sourceTree = "<group>"; };
		2F66B1E52177A92F003AF5B8 /* ViewController.swift */ = {isa = PBXFileReference; lastKnownFileType = sourcecode.swift; path = ViewController.swift; sourceTree = "<group>"; };
		2F66B1E82177A92F003AF5B8 /* Base */ = {isa = PBXFileReference; lastKnownFileType = file.storyboard; name = Base; path = Base.lproj/Main.storyboard; sourceTree = "<group>"; };
		2F66B1EA2177A932003AF5B8 /* Assets.xcassets */ = {isa = PBXFileReference; lastKnownFileType = folder.assetcatalog; path = Assets.xcassets; sourceTree = "<group>"; };
		2F66B1ED2177A932003AF5B8 /* Base */ = {isa = PBXFileReference; lastKnownFileType = file.storyboard; name = Base; path = Base.lproj/LaunchScreen.storyboard; sourceTree = "<group>"; };
		2F66B1EF2177A932003AF5B8 /* Info.plist */ = {isa = PBXFileReference; lastKnownFileType = text.plist.xml; path = Info.plist; sourceTree = "<group>"; };
/* End PBXFileReference section */

/* Begin PBXFrameworksBuildPhase section */
		2F66B1DD2177A92E003AF5B8 /* Frameworks */ = {
			isa = PBXFrameworksBuildPhase;
			buildActionMask = 2147483647;
			files = (
			);
			runOnlyForDeploymentPostprocessing = 0;
		};
/* End PBXFrameworksBuildPhase section */

/* Begin PBXGroup section */
		2F66B1D72177A92E003AF5B8 = {
			isa = PBXGroup;
			children = (
				2F66B1E22177A92F003AF5B8 /* collectionTableTag */,
				2F66B1E12177A92E003AF5B8 /* Products */,
			);
			sourceTree = "<group>";
		};
		2F66B1E12177A92E003AF5B8 /* Products */ = {
			isa = PBXGroup;
			children = (
				2F66B1E02177A92E003AF5B8 /* collectionTableTag.app */,
			);
			name = Products;
			sourceTree = "<group>";
		};
		2F66B1E22177A92F003AF5B8 /* collectionTableTag */ = {
			isa = PBXGroup;
			children = (
				2F3B11082178950600106D12 /* RKTagsView.h */,
				2F3B11092178950700106D12 /* RKTagsView.m */,
				2F3B110D2178951400106D12 /* radio-on.png */,
				2F3B110B2178951400106D12 /* sync_on.png */,
				2F66B1E32177A92F003AF5B8 /* AppDelegate.swift */,
				2F66B1E52177A92F003AF5B8 /* ViewController.swift */,
				2F66B1E72177A92F003AF5B8 /* Main.storyboard */,
				2F66B1EA2177A932003AF5B8 /* Assets.xcassets */,
				2F66B1EC2177A932003AF5B8 /* LaunchScreen.storyboard */,
				2F66B1EF2177A932003AF5B8 /* Info.plist */,
				2F3B11072178950400106D12 /* collectionTableTag-Bridging-Header.h */,
			);
			path = collectionTableTag;
			sourceTree = "<group>";
		};
/* End PBXGroup section */

/* Begin PBXNativeTarget section */
		2F66B1DF2177A92E003AF5B8 /* collectionTableTag */ = {
			isa = PBXNativeTarget;
			buildConfigurationList = 2F66B1F22177A932003AF5B8 /* Build configuration list for PBXNativeTarget "collectionTableTag" */;
			buildPhases = (
				2F66B1DC2177A92E003AF5B8 /* Sources */,
				2F66B1DD2177A92E003AF5B8 /* Frameworks */,
				2F66B1DE2177A92E003AF5B8 /* Resources */,
			);
			buildRules = (
			);
			dependencies = (
			);
			name = collectionTableTag;
			productName = collectionTableTag;
			productReference = 2F66B1E02177A92E003AF5B8 /* collectionTableTag.app */;
			productType = "com.apple.product-type.application";
		};
/* End PBXNativeTarget section */

/* Begin PBXProject section */
		2F66B1D82177A92E003AF5B8 /* Project object */ = {
			isa = PBXProject;
			attributes = {
				LastSwiftUpdateCheck = 0940;
				LastUpgradeCheck = 0940;
				ORGANIZATIONNAME = Jhanvi;
				TargetAttributes = {
					2F66B1DF2177A92E003AF5B8 = {
						CreatedOnToolsVersion = 9.4.1;
						LastSwiftMigration = 0940;
					};
				};
			};
			buildConfigurationList = 2F66B1DB2177A92E003AF5B8 /* Build configuration list for PBXProject "collectionTableTag" */;
			compatibilityVersion = "Xcode 9.3";
			developmentRegion = en;
			hasScannedForEncodings = 0;
			knownRegions = (
				en,
				Base,
			);
			mainGroup = 2F66B1D72177A92E003AF5B8;
			productRefGroup = 2F66B1E12177A92E003AF5B8 /* Products */;
			projectDirPath = "";
			projectRoot = "";
			targets = (
				2F66B1DF2177A92E003AF5B8 /* collectionTableTag */,
			);
		};
/* End PBXProject section */

/* Begin PBXResourcesBuildPhase section */
		2F66B1DE2177A92E003AF5B8 /* Resources */ = {
			isa = PBXResourcesBuildPhase;
			buildActionMask = 2147483647;
			files = (
				2F66B1EE2177A932003AF5B8 /* LaunchScreen.storyboard in Resources */,
				2F66B1EB2177A932003AF5B8 /* Assets.xcassets in Resources */,
				2F66B1E92177A92F003AF5B8 /* Main.storyboard in Resources */,
				2F3B11112178951400106D12 /* radio-on.png in Resources */,
				2F3B110F2178951400106D12 /* sync_on.png in Resources */,
			);
			runOnlyForDeploymentPostprocessing = 0;
		};
/* End PBXResourcesBuildPhase section */

/* Begin PBXSourcesBuildPhase section */
		2F66B1DC2177A92E003AF5B8 /* Sources */ = {
			isa = PBXSourcesBuildPhase;
			buildActionMask = 2147483647;
			files = (
				2F66B1E62177A92F003AF5B8 /* ViewController.swift in Sources */,
				2F3B110A2178950700106D12 /* RKTagsView.m in Sources */,
				2F66B1E42177A92F003AF5B8 /* AppDelegate.swift in Sources */,
			);
			runOnlyForDeploymentPostprocessing = 0;
		};
/* End PBXSourcesBuildPhase section */

/* Begin PBXVariantGroup section */
		2F66B1E72177A92F003AF5B8 /* Main.storyboard */ = {
			isa = PBXVariantGroup;
			children = (
				2F66B1E82177A92F003AF5B8 /* Base */,
			);
			name = Main.storyboard;
			sourceTree = "<group>";
		};
		2F66B1EC2177A932003AF5B8 /* LaunchScreen.storyboard */ = {
			isa = PBXVariantGroup;
			children = (
				2F66B1ED2177A932003AF5B8 /* Base */,
			);
			name = LaunchScreen.storyboard;
			sourceTree = "<group>";
		};
/* End PBXVariantGroup section */

/* Begin XCBuildConfiguration section */
		2F66B1F02177A932003AF5B8 /* Debug */ = {
			isa = XCBuildConfiguration;
			buildSettings = {
				ALWAYS_SEARCH_USER_PATHS = NO;
				CLANG_ANALYZER_NONNULL = YES;
				CLANG_ANALYZER_NUMBER_OBJECT_CONVERSION = YES_AGGRESSIVE;
				CLANG_CXX_LANGUAGE_STANDARD = "gnu++14";
				CLANG_CXX_LIBRARY = "libc++";
				CLANG_ENABLE_MODULES = YES;
				CLANG_ENABLE_OBJC_ARC = YES;
				CLANG_ENABLE_OBJC_WEAK = YES;
				CLANG_WARN_BLOCK_CAPTURE_AUTORELEASING = YES;
				CLANG_WARN_BOOL_CONVERSION = YES;
				CLANG_WARN_COMMA = YES;
				CLANG_WARN_CONSTANT_CONVERSION = YES;
				CLANG_WARN_DEPRECATED_OBJC_IMPLEMENTATIONS = YES;
				CLANG_WARN_DIRECT_OBJC_ISA_USAGE = YES_ERROR;
				CLANG_WARN_DOCUMENTATION_COMMENTS = YES;
				CLANG_WARN_EMPTY_BODY = YES;
				CLANG_WARN_ENUM_CONVERSION = YES;
				CLANG_WARN_INFINITE_RECURSION = YES;
				CLANG_WARN_INT_CONVERSION = YES;
				CLANG_WARN_NON_LITERAL_NULL_CONVERSION = YES;
				CLANG_WARN_OBJC_IMPLICIT_RETAIN_SELF = YES;
				CLANG_WARN_OBJC_LITERAL_CONVERSION = YES;
				CLANG_WARN_OBJC_ROOT_CLASS = YES_ERROR;
				CLANG_WARN_RANGE_LOOP_ANALYSIS = YES;
				CLANG_WARN_STRICT_PROTOTYPES = YES;
				CLANG_WARN_SUSPICIOUS_MOVE = YES;
				CLANG_WARN_UNGUARDED_AVAILABILITY = YES_AGGRESSIVE;
				CLANG_WARN_UNREACHABLE_CODE = YES;
				CLANG_WARN__DUPLICATE_METHOD_MATCH = YES;
				CODE_SIGN_IDENTITY = "iPhone Developer";
				COPY_PHASE_STRIP = NO;
				DEBUG_INFORMATION_FORMAT = dwarf;
				ENABLE_STRICT_OBJC_MSGSEND = YES;
				ENABLE_TESTABILITY = YES;
				GCC_C_LANGUAGE_STANDARD = gnu11;
				GCC_DYNAMIC_NO_PIC = NO;
				GCC_NO_COMMON_BLOCKS = YES;
				GCC_OPTIMIZATION_LEVEL = 0;
				GCC_PREPROCESSOR_DEFINITIONS = (
					"DEBUG=1",
					"$(inherited)",
				);
				GCC_WARN_64_TO_32_BIT_CONVERSION = YES;
				GCC_WARN_ABOUT_RETURN_TYPE = YES_ERROR;
				GCC_WARN_UNDECLARED_SELECTOR = YES;
				GCC_WARN_UNINITIALIZED_AUTOS = YES_AGGRESSIVE;
				GCC_WARN_UNUSED_FUNCTION = YES;
				GCC_WARN_UNUSED_VARIABLE = YES;
				IPHONEOS_DEPLOYMENT_TARGET = 11.4;
				MTL_ENABLE_DEBUG_INFO = YES;
				ONLY_ACTIVE_ARCH = YES;
				SDKROOT = iphoneos;
				SWIFT_ACTIVE_COMPILATION_CONDITIONS = DEBUG;
				SWIFT_OPTIMIZATION_LEVEL = "-Onone";
			};
			name = Debug;
		};
		2F66B1F12177A932003AF5B8 /* Release */ = {
			isa = XCBuildConfiguration;
			buildSettings = {
				ALWAYS_SEARCH_USER_PATHS = NO;
				CLANG_ANALYZER_NONNULL = YES;
				CLANG_ANALYZER_NUMBER_OBJECT_CONVERSION = YES_AGGRESSIVE;
				CLANG_CXX_LANGUAGE_STANDARD = "gnu++14";
				CLANG_CXX_LIBRARY = "libc++";
				CLANG_ENABLE_MODULES = YES;
				CLANG_ENABLE_OBJC_ARC = YES;
				CLANG_ENABLE_OBJC_WEAK = YES;
				CLANG_WARN_BLOCK_CAPTURE_AUTORELEASING = YES;
				CLANG_WARN_BOOL_CONVERSION = YES;
				CLANG_WARN_COMMA = YES;
				CLANG_WARN_CONSTANT_CONVERSION = YES;
				CLANG_WARN_DEPRECATED_OBJC_IMPLEMENTATIONS = YES;
				CLANG_WARN_DIRECT_OBJC_ISA_USAGE = YES_ERROR;
				CLANG_WARN_DOCUMENTATION_COMMENTS = YES;
				CLANG_WARN_EMPTY_BODY = YES;
				CLANG_WARN_ENUM_CONVERSION = YES;
				CLANG_WARN_INFINITE_RECURSION = YES;
				CLANG_WARN_INT_CONVERSION = YES;
				CLANG_WARN_NON_LITERAL_NULL_CONVERSION = YES;
				CLANG_WARN_OBJC_IMPLICIT_RETAIN_SELF = YES;
				CLANG_WARN_OBJC_LITERAL_CONVERSION = YES;
				CLANG_WARN_OBJC_ROOT_CLASS = YES_ERROR;
				CLANG_WARN_RANGE_LOOP_ANALYSIS = YES;
				CLANG_WARN_STRICT_PROTOTYPES = YES;
				CLANG_WARN_SUSPICIOUS_MOVE = YES;
				CLANG_WARN_UNGUARDED_AVAILABILITY = YES_AGGRESSIVE;
				CLANG_WARN_UNREACHABLE_CODE = YES;
				CLANG_WARN__DUPLICATE_METHOD_MATCH = YES;
				CODE_SIGN_IDENTITY = "iPhone Developer";
				COPY_PHASE_STRIP = NO;
				DEBUG_INFORMATION_FORMAT = "dwarf-with-dsym";
				ENABLE_NS_ASSERTIONS = NO;
				ENABLE_STRICT_OBJC_MSGSEND = YES;
				GCC_C_LANGUAGE_STANDARD = gnu11;
				GCC_NO_COMMON_BLOCKS = YES;
				GCC_WARN_64_TO_32_BIT_CONVERSION = YES;
				GCC_WARN_ABOUT_RETURN_TYPE = YES_ERROR;
				GCC_WARN_UNDECLARED_SELECTOR = YES;
				GCC_WARN_UNINITIALIZED_AUTOS = YES_AGGRESSIVE;
				GCC_WARN_UNUSED_FUNCTION = YES;
				GCC_WARN_UNUSED_VARIABLE = YES;
				IPHONEOS_DEPLOYMENT_TARGET = 11.4;
				MTL_ENABLE_DEBUG_INFO = NO;
				SDKROOT = iphoneos;
				SWIFT_COMPILATION_MODE = wholemodule;
				SWIFT_OPTIMIZATION_LEVEL = "-O";
				VALIDATE_PRODUCT = YES;
			};
			name = Release;
		};
		2F66B1F32177A932003AF5B8 /* Debug */ = {
			isa = XCBuildConfiguration;
			buildSettings = {
				ASSETCATALOG_COMPILER_APPICON_NAME = AppIcon;
				CLANG_ENABLE_MODULES = YES;
				CODE_SIGN_STYLE = Automatic;
				DEVELOPMENT_TEAM = E453NKY946;
				INFOPLIST_FILE = collectionTableTag/Info.plist;
				LD_RUNPATH_SEARCH_PATHS = (
					"$(inherited)",
					"@executable_path/Frameworks",
				);
				PRODUCT_BUNDLE_IDENTIFIER = "com.jpc.-.collectionTableTag";
				PRODUCT_NAME = "$(TARGET_NAME)";
				SWIFT_OBJC_BRIDGING_HEADER = "collectionTableTag/collectionTableTag-Bridging-Header.h";
				SWIFT_OPTIMIZATION_LEVEL = "-Onone";
				SWIFT_VERSION = 4.0;
				TARGETED_DEVICE_FAMILY = "1,2";
			};
			name = Debug;
		};
		2F66B1F42177A932003AF5B8 /* Release */ = {
			isa = XCBuildConfiguration;
			buildSettings = {
				ASSETCATALOG_COMPILER_APPICON_NAME = AppIcon;
				CLANG_ENABLE_MODULES = YES;
				CODE_SIGN_STYLE = Automatic;
				DEVELOPMENT_TEAM = E453NKY946;
				INFOPLIST_FILE = collectionTableTag/Info.plist;
				LD_RUNPATH_SEARCH_PATHS = (
					"$(inherited)",
					"@executable_path/Frameworks",
				);
				PRODUCT_BUNDLE_IDENTIFIER = "com.jpc.-.collectionTableTag";
				PRODUCT_NAME = "$(TARGET_NAME)";
				SWIFT_OBJC_BRIDGING_HEADER = "collectionTableTag/collectionTableTag-Bridging-Header.h";
				SWIFT_VERSION = 4.0;
				TARGETED_DEVICE_FAMILY = "1,2";
			};
			name = Release;
		};
/* End XCBuildConfiguration section */

/* Begin XCConfigurationList section */
		2F66B1DB2177A92E003AF5B8 /* Build configuration list for PBXProject "collectionTableTag" */ = {
			isa = XCConfigurationList;
			buildConfigurations = (
				2F66B1F02177A932003AF5B8 /* Debug */,
				2F66B1F12177A932003AF5B8 /* Release */,
			);
			defaultConfigurationIsVisible = 0;
			defaultConfigurationName = Release;
		};
		2F66B1F22177A932003AF5B8 /* Build configuration list for PBXNativeTarget "collectionTableTag" */ = {
			isa = XCConfigurationList;
			buildConfigurations = (
				2F66B1F32177A932003AF5B8 /* Debug */,
				2F66B1F42177A932003AF5B8 /* Release */,
			);
			defaultConfigurationIsVisible = 0;
			defaultConfigurationName = Release;
		};
/* End XCConfigurationList section */
	};
	rootObject = 2F66B1D82177A92E003AF5B8 /* Project object */;
}
